{
  "name": "pasadium",
  "version": "1.0.0",
  "lockfileVersion": 3,
  "requires": true,
  "packages": {
    "": {
      "name": "pasadium",
      "version": "1.0.0",
      "workspaces": [
        "apps/*",
        "packages/*"
      ]
    },
    "apps/admin": {
      "name": "@pasadium/admin",
      "version": "0.1.0",
      "dependencies": {
        "@pasadium/api": "*",
        "@pasadium/auth": "*",
        "@pasadium/config": "*",
        "@pasadium/ui": "*",
        "next": "16.3.1",
        "react": "19.2.8",
        "react-dom": "19.2.8"
      },
      "devDependencies": {
        "@tailwindcss/postcss": "^4",
        "@types/node": "^20",
        "@types/react": "^19",
        "@types/react-dom": "^19",
        "eslint": "^9",
        "eslint-config-next": "16.3.1",
        "tailwindcss": "^4",
        "typescript": "^5"
      }
    },
    "apps/api": {
      "name": "@pasadium/api-service",
      "version": "0.1.0",
      "dependencies": {
        "cors": "^2.8.5",
        "dotenv": "^16.4.5",
        "express": "^4.19.2",
        "jsonwebtoken": "^9.0.2"
      },
      "devDependencies": {
        "@types/cors": "^2.8.17",
        "@types/express": "^4.17.21",
        "@types/jsonwebtoken": "^9.0.6",
        "@types/node": "^20.12.7",
        "tsx": "^4.7.1",
        "typescript": "^5.4.5"
      }
    },
    "apps/auth": {
      "name": "@pasadium/auth-service",
      "version": "0.1.0",
      "dependencies": {
        "bcryptjs": "^3.0.3",
        "cookie-parser": "^1.4.7",
        "cors": "^2.8.5",
        "dotenv": "^16.4.5",
        "express": "^4.19.2",
        "jsonwebtoken": "^9.0.2",
        "uuid": "^9.0.1"
      },
      "devDependencies": {
        "@types/bcryptjs": "^2.4.6",
        "@types/cookie-parser": "^1.4.10",
        "@types/cors": "^2.8.17",
        "@types/express": "^4.17.21",
        "@types/jsonwebtoken": "^9.0.6",
        "@types/node": "^20.12.7",
        "@types/uuid": "^9.0.8",
        "tsx": "^4.7.1",
        "typescript": "^5.4.5"
      }
    },
    "apps/market": {
      "name": "@pasadium/market",
      "version": "0.1.0",
      "dependencies": {
        "@pasadium/api": "*",
        "@pasadium/auth": "*",
        "@pasadium/config": "*",
        "@pasadium/ui": "*",
        "next": "16.3.1",
        "react": "19.2.8",
        "react-dom": "19.2.8"
      },
      "devDependencies": {
        "@tailwindcss/postcss": "^4",
        "@types/node": "^20",
        "@types/react": "^19",
        "@types/react-dom": "^19",
        "eslint": "^9",
        "eslint-config-next": "16.3.1",
        "tailwindcss": "^4",
        "typescript": "^5"
      }
    },
    "apps/media": {
      "name": "@pasadium/media",
      "version": "0.1.0",
      "dependencies": {
        "@pasadium/api": "*",
        "@pasadium/auth": "*",
        "@pasadium/config": "*",
        "@pasadium/ui": "*",
        "next": "16.3.1",
        "react": "19.2.8",
        "react-dom": "19.2.8"
      },
      "devDependencies": {
        "@tailwindcss/postcss": "^4",
        "@types/node": "^20",
        "@types/react": "^19",
        "@types/react-dom": "^19",
        "eslint": "^9",
        "eslint-config-next": "16.3.1",
        "tailwindcss": "^4",
        "typescript": "^5"
      }
    },
    "apps/trade": {
      "name": "@pasadium/trade",
      "version": "0.1.0",
      "dependencies": {
        "@pasadium/api": "*",
        "@pasadium/auth": "*",
        "@pasadium/config": "*",
        "@pasadium/ui": "*",
        "next": "16.3.1",
        "react": "19.2.8",
        "react-dom": "19.2.8"
      },
      "devDependencies": {
        "@tailwindcss/postcss": "^4",
        "@types/node": "^20",
        "@types/react": "^19",
        "@types/react-dom": "^19",
        "eslint": "^9",
        "eslint-config-next": "16.3.1",
        "tailwindcss": "^4",
        "typescript": "^5"
      }
    },
    "apps/web": {
      "name": "@pasadium/web",
      "version": "0.1.0",
      "dependencies": {
        "@pasadium/api": "*",
        "@pasadium/auth": "*",
        "@pasadium/config": "*",
        "@pasadium/ui": "*",
        "next": "16.3.1",
        "react": "19.2.8",
        "react-dom": "19.2.8"
      },
      "devDependencies": {
        "@tailwindcss/postcss": "^4",
        "@types/node": "^20",
        "@types/react": "^19",
        "@types/react-dom": "^19",
        "eslint": "^9",
        "eslint-config-next": "16.3.1",
        "tailwindcss": "^4",
        "typescript": "^5"
      }
    },
    "packages/api": {
      "name": "@pasadium/api",
      "version": "1.0.0",
      "license": "ISC"
    },
    "packages/auth": {
      "name": "@pasadium/auth",
      "version": "1.0.0",
      "license": "ISC"
    },
    "packages/config": {
      "name": "@pasadium/config",
      "version": "1.0.0",
      "license": "ISC"
    },
    "packages/ui": {
      "name": "@pasadium/ui",
      "version": "1.0.0",
      "license": "ISC",
      "peerDependencies": {
        "react": "^19.2.8",
        "react-dom": "^19.2.8"
      }
    }
  }
}
